
Microsoft Visual Studio Solution File, Format Version 12.00
# Visual Studio 15
VisualStudioVersion = 15.0.28307.902
MinimumVisualStudioVersion = 10.0.40219.1
Project("{FAE04EC0-301F-11D3-BF4B-00C04F79EFBC}") = "Charles_Hotel_2017101992", "Charles_Hotel_2017101992\Charles_Hotel_2017101992.csproj", "{7EC3C6E8-8E0F-437C-8C1C-07DA5B631351}"
EndProject
Project("{FAE04EC0-301F-11D3-BF4B-00C04F79EFBC}") = "Mouse_2017101992", "Mouse_2017101992\Mouse_2017101992.csproj", "{E2B267C0-EDFE-4132-9048-84D8338C09F3}"
EndProject
Project("{FAE04EC0-301F-11D3-BF4B-00C04F79EFBC}") = "BLL_2017101992", "BLL_2017101992\BLL_2017101992.csproj", "{9E1D119C-13F4-4546-A541-2F1A3FEBC663}"
EndProject
Project("{FAE04EC0-301F-11D3-BF4B-00C04F79EFBC}") = "DAL", "DAL\DAL.csproj", "{16DD1EA8-4A3B-4299-BE0C-CA73AE014872}"
EndProject
Global
	GlobalSection(SolutionConfigurationPlatforms) = preSolution
		Debug|Any CPU = Debug|Any CPU
		Debug|ARM = Debug|ARM
		Debug|ARM64 = Debug|ARM64
		Debug|x64 = Debug|x64
		Debug|x86 = Debug|x86
		Release|Any CPU = Release|Any CPU
		Release|ARM = Release|ARM
		Release|ARM64 = Release|ARM64
		Release|x64 = Release|x64
		Release|x86 = Release|x86
	EndGlobalSection
	GlobalSection(ProjectConfigurationPlatforms) = postSolution
		{7EC3C6E8-8E0F-437C-8C1C-07DA5B631351}.Debug|Any CPU.ActiveCfg = Debug|Any CPU
		{7EC3C6E8-8E0F-437C-8C1C-07DA5B631351}.Debug|Any CPU.Build.0 = Debug|Any CPU
		{7EC3C6E8-8E0F-437C-8C1C-07DA5B631351}.Debug|ARM.ActiveCfg = Debug|Any CPU
		{7EC3C6E8-8E0F-437C-8C1C-07DA5B631351}.Debug|ARM.Build.0 = Debug|Any CPU
		{7EC3C6E8-8E0F-437C-8C1C-07DA5B631351}.Debug|ARM64.ActiveCfg = Debug|Any CPU
		{7EC3C6E8-8E0F-437C-8C1C-07DA5B631351}.Debug|ARM64.Build.0 = Debug|Any CPU
		{7EC3C6E8-8E0F-437C-8C1C-07DA5B631351}.Debug|x64.ActiveCfg = Debug|Any CPU
		{7EC3C6E8-8E0F-437C-8C1C-07DA5B631351}.Debug|x64.Build.0 = Debug|Any CPU
		{7EC3C6E8-8E0F-437C-8C1C-07DA5B631351}.Debug|x86.ActiveCfg = Debug|Any CPU
		{7EC3C6E8-8E0F-437C-8C1C-07DA5B631351}.Debug|x86.Build.0 = Debug|Any CPU
		{7EC3C6E8-8E0F-437C-8C1C-07DA5B631351}.Release|Any CPU.ActiveCfg = Release|Any CPU
		{7EC3C6E8-8E0F-437C-8C1C-07DA5B631351}.Release|Any CPU.Build.0 = Release|Any CPU
		{7EC3C6E8-8E0F-437C-8C1C-07DA5B631351}.Release|ARM.ActiveCfg = Release|Any CPU
		{7EC3C6E8-8E0F-437C-8C1C-07DA5B631351}.Release|ARM.Build.0 = Release|Any CPU
		{7EC3C6E8-8E0F-437C-8C1C-07DA5B631351}.Release|ARM64.ActiveCfg = Release|Any CPU
		{7EC3C6E8-8E0F-437C-8C1C-07DA5B631351}.Release|ARM64.Build.0 = Release|Any CPU
		{7EC3C6E8-8E0F-437C-8C1C-07DA5B631351}.Release|x64.ActiveCfg = Release|Any CPU
		{7EC3C6E8-8E0F-437C-8C1C-07DA5B631351}.Release|x64.Build.0 = Release|Any CPU
		{7EC3C6E8-8E0F-437C-8C1C-07DA5B631351}.Release|x86.ActiveCfg = Release|Any CPU
		{7EC3C6E8-8E0F-437C-8C1C-07DA5B631351}.Release|x86.Build.0 = Release|Any CPU
		{E2B267C0-EDFE-4132-9048-84D8338C09F3}.Debug|Any CPU.ActiveCfg = Debug|Any CPU
		{E2B267C0-EDFE-4132-9048-84D8338C09F3}.Debug|Any CPU.Build.0 = Debug|Any CPU
		{E2B267C0-EDFE-4132-9048-84D8338C09F3}.Debug|ARM.ActiveCfg = Debug|Any CPU
		{E2B267C0-EDFE-4132-9048-84D8338C09F3}.Debug|ARM.Build.0 = Debug|Any CPU
		{E2B267C0-EDFE-4132-9048-84D8338C09F3}.Debug|ARM64.ActiveCfg = Debug|Any CPU
		{E2B267C0-EDFE-4132-9048-84D8338C09F3}.Debug|ARM64.Build.0 = Debug|Any CPU
		{E2B267C0-EDFE-4132-9048-84D8338C09F3}.Debug|x64.ActiveCfg = Debug|Any CPU
		{E2B267C0-EDFE-4132-9048-84D8338C09F3}.Debug|x64.Build.0 = Debug|Any CPU
		{E2B267C0-EDFE-4132-9048-84D8338C09F3}.Debug|x86.ActiveCfg = Debug|Any CPU
		{E2B267C0-EDFE-4132-9048-84D8338C09F3}.Debug|x86.Build.0 = Debug|Any CPU
		{E2B267C0-EDFE-4132-9048-84D8338C09F3}.Release|Any CPU.ActiveCfg = Release|Any CPU
		{E2B267C0-EDFE-4132-9048-84D8338C09F3}.Release|Any CPU.Build.0 = Release|Any CPU
		{E2B267C0-EDFE-4132-9048-84D8338C09F3}.Release|ARM.ActiveCfg = Release|Any CPU
		{E2B267C0-EDFE-4132-9048-84D8338C09F3}.Release|ARM.Build.0 = Release|Any CPU
		{E2B267C0-EDFE-4132-9048-84D8338C09F3}.Release|ARM64.ActiveCfg = Release|Any CPU
		{E2B267C0-EDFE-4132-9048-84D8338C09F3}.Release|ARM64.Build.0 = Release|Any CPU
		{E2B267C0-EDFE-4132-9048-84D8338C09F3}.Release|x64.ActiveCfg = Release|Any CPU
		{E2B267C0-EDFE-4132-9048-84D8338C09F3}.Release|x64.Build.0 = Release|Any CPU
		{E2B267C0-EDFE-4132-9048-84D8338C09F3}.Release|x86.ActiveCfg = Release|Any CPU
		{E2B267C0-EDFE-4132-9048-84D8338C09F3}.Release|x86.Build.0 = Release|Any CPU
		{9E1D119C-13F4-4546-A541-2F1A3FEBC663}.Debug|Any CPU.ActiveCfg = Debug|Any CPU
		{9E1D119C-13F4-4546-A541-2F1A3FEBC663}.Debug|Any CPU.Build.0 = Debug|Any CPU
		{9E1D119C-13F4-4546-A541-2F1A3FEBC663}.Debug|ARM.ActiveCfg = Debug|Any CPU
		{9E1D119C-13F4-4546-A541-2F1A3FEBC663}.Debug|ARM.Build.0 = Debug|Any CPU
		{9E1D119C-13F4-4546-A541-2F1A3FEBC663}.Debug|ARM64.ActiveCfg = Debug|Any CPU
		{9E1D119C-13F4-4546-A541-2F1A3FEBC663}.Debug|ARM64.Build.0 = Debug|Any CPU
		{9E1D119C-13F4-4546-A541-2F1A3FEBC663}.Debug|x64.ActiveCfg = Debug|Any CPU
		{9E1D119C-13F4-4546-A541-2F1A3FEBC663}.Debug|x64.Build.0 = Debug|Any CPU
		{9E1D119C-13F4-4546-A541-2F1A3FEBC663}.Debug|x86.ActiveCfg = Debug|Any CPU
		{9E1D119C-13F4-4546-A541-2F1A3FEBC663}.Debug|x86.Build.0 = Debug|Any CPU
		{9E1D119C-13F4-4546-A541-2F1A3FEBC663}.Release|Any CPU.ActiveCfg = Release|Any CPU
		{9E1D119C-13F4-4546-A541-2F1A3FEBC663}.Release|Any CPU.Build.0 = Release|Any CPU
		{9E1D119C-13F4-4546-A541-2F1A3FEBC663}.Release|ARM.ActiveCfg = Release|Any CPU
		{9E1D119C-13F4-4546-A541-2F1A3FEBC663}.Release|ARM.Build.0 = Release|Any CPU
		{9E1D119C-13F4-4546-A541-2F1A3FEBC663}.Release|ARM64.ActiveCfg = Release|Any CPU
		{9E1D119C-13F4-4546-A541-2F1A3FEBC663}.Release|ARM64.Build.0 = Release|Any CPU
		{9E1D119C-13F4-4546-A541-2F1A3FEBC663}.Release|x64.ActiveCfg = Release|Any CPU
		{9E1D119C-13F4-4546-A541-2F1A3FEBC663}.Release|x64.Build.0 = Release|Any CPU
		{9E1D119C-13F4-4546-A541-2F1A3FEBC663}.Release|x86.ActiveCfg = Release|Any CPU
		{9E1D119C-13F4-4546-A541-2F1A3FEBC663}.Release|x86.Build.0 = Release|Any CPU
		{16DD1EA8-4A3B-4299-BE0C-CA73AE014872}.Debug|Any CPU.ActiveCfg = Debug|Any CPU
		{16DD1EA8-4A3B-4299-BE0C-CA73AE014872}.Debug|Any CPU.Build.0 = Debug|Any CPU
		{16DD1EA8-4A3B-4299-BE0C-CA73AE014872}.Debug|ARM.ActiveCfg = Debug|Any CPU
		{16DD1EA8-4A3B-4299-BE0C-CA73AE014872}.Debug|ARM.Build.0 = Debug|Any CPU
		{16DD1EA8-4A3B-4299-BE0C-CA73AE014872}.Debug|ARM64.ActiveCfg = Debug|Any CPU
		{16DD1EA8-4A3B-4299-BE0C-CA73AE014872}.Debug|ARM64.Build.0 = Debug|Any CPU
		{16DD1EA8-4A3B-4299-BE0C-CA73AE014872}.Debug|x64.ActiveCfg = Debug|Any CPU
		{16DD1EA8-4A3B-4299-BE0C-CA73AE014872}.Debug|x64.Build.0 = Debug|Any CPU
		{16DD1EA8-4A3B-4299-BE0C-CA73AE014872}.Debug|x86.ActiveCfg = Debug|Any CPU
		{16DD1EA8-4A3B-4299-BE0C-CA73AE014872}.Debug|x86.Build.0 = Debug|Any CPU
		{16DD1EA8-4A3B-4299-BE0C-CA73AE014872}.Release|Any CPU.ActiveCfg = Release|Any CPU
		{16DD1EA8-4A3B-4299-BE0C-CA73AE014872}.Release|Any CPU.Build.0 = Release|Any CPU
		{16DD1EA8-4A3B-4299-BE0C-CA73AE014872}.Release|ARM.ActiveCfg = Release|Any CPU
		{16DD1EA8-4A3B-4299-BE0C-CA73AE014872}.Release|ARM.Build.0 = Release|Any CPU
		{16DD1EA8-4A3B-4299-BE0C-CA73AE014872}.Release|ARM64.ActiveCfg = Release|Any CPU
		{16DD1EA8-4A3B-4299-BE0C-CA73AE014872}.Release|ARM64.Build.0 = Release|Any CPU
		{16DD1EA8-4A3B-4299-BE0C-CA73AE014872}.Release|x64.ActiveCfg = Release|Any CPU
		{16DD1EA8-4A3B-4299-BE0C-CA73AE014872}.Release|x64.Build.0 = Release|Any CPU
		{16DD1EA8-4A3B-4299-BE0C-CA73AE014872}.Release|x86.ActiveCfg = Release|Any CPU
		{16DD1EA8-4A3B-4299-BE0C-CA73AE014872}.Release|x86.Build.0 = Release|Any CPU
	EndGlobalSection
	GlobalSection(SolutionProperties) = preSolution
		HideSolutionNode = FALSE
	EndGlobalSection
	GlobalSection(ExtensibilityGlobals) = postSolution
		SolutionGuid = {1C4E6A20-9CFD-4B19-A952-3B695FA94F4A}
	EndGlobalSection
EndGlobal
